
Microsoft Visual Studio Solution File, Format Version 10.00
# Visual Studio 2008
Project("{FAE04EC0-301F-11D3-BF4B-00C04F79EFBC}") = "ImageResizer", "ImageResizer\ImageResizer.csproj", "{7D2B7F4B-82EA-4363-8459-D6C7ABE378AC}"
EndProject
Project("{54435603-DBB4-11D2-8724-00A0C9A8B90C}") = "ImageResizerInstaller", "ImageResizerInstaller\ImageResizerInstaller.vdproj", "{D18A1E15-A04A-4D0D-A26A-95D87C405C8C}"
EndProject
Global
	GlobalSection(SolutionConfigurationPlatforms) = preSolution
		Installer|Any CPU = Installer|Any CPU
		Testing|Any CPU = Testing|Any CPU
	EndGlobalSection
	GlobalSection(ProjectConfigurationPlatforms) = postSolution
		{7D2B7F4B-82EA-4363-8459-D6C7ABE378AC}.Installer|Any CPU.ActiveCfg = Release|Any CPU
		{7D2B7F4B-82EA-4363-8459-D6C7ABE378AC}.Installer|Any CPU.Build.0 = Release|Any CPU
		{7D2B7F4B-82EA-4363-8459-D6C7ABE378AC}.Testing|Any CPU.ActiveCfg = Debug|Any CPU
		{7D2B7F4B-82EA-4363-8459-D6C7ABE378AC}.Testing|Any CPU.Build.0 = Debug|Any CPU
		{D18A1E15-A04A-4D0D-A26A-95D87C405C8C}.Installer|Any CPU.ActiveCfg = Release
		{D18A1E15-A04A-4D0D-A26A-95D87C405C8C}.Installer|Any CPU.Build.0 = Release
		{D18A1E15-A04A-4D0D-A26A-95D87C405C8C}.Testing|Any CPU.ActiveCfg = Debug
	EndGlobalSection
	GlobalSection(SolutionProperties) = preSolution
		HideSolutionNode = FALSE
	EndGlobalSection
EndGlobal
